<?xml version="1.0" encoding="utf-8"?>
<Project ToolsVersion="17.0" xmlns="http://schemas.microsoft.com/developer/msbuild/2003">
  <ItemGroup>
    <CustomBuild Include="C:\GitHub\Verlet-Particles\libs\glfw\CMakeFiles\0141caebabb4fb3f450120ddbfe4cd79\update_mappings.rule">
      <Filter>CMake Rules</Filter>
    </CustomBuild>
    <CustomBuild Include="C:\GitHub\Verlet-Particles\libs\glfw\src\CMakeLists.txt" />
  </ItemGroup>
  <ItemGroup>
    <None Include="C:\GitHub\Verlet-Particles\libs\glfw\src\mappings.h.in">
      <Filter>Header Files</Filter>
    </None>
    <None Include="C:\GitHub\Verlet-Particles\libs\glfw\CMake\GenerateMappings.cmake" />
    <None Include="C:\GitHub\Verlet-Particles\libs\glfw\src\CMakeFiles\update_mappings" />
  </ItemGroup>
  <ItemGroup>
    <Filter Include="CMake Rules">
      <UniqueIdentifier>{F7469F37-8D0D-3C46-80F5-145E25BDD5FC}</UniqueIdentifier>
    </Filter>
    <Filter Include="Header Files">
      <UniqueIdentifier>{B16CA4BC-9A12-34A7-9D16-8DB5E0AA77D6}</UniqueIdentifier>
    </Filter>
  </ItemGroup>
</Project>
