<?xml version="1.0" encoding="utf-8"?>
<Project ToolsVersion="17.0" xmlns="http://schemas.microsoft.com/developer/msbuild/2003">
  <ItemGroup>
    <ClCompile Include="C:\GitHub\Verlet-Particles\libs\glfw\tests\empty.c">
      <Filter>Source Files</Filter>
    </ClCompile>
    <ClCompile Include="C:\GitHub\Verlet-Particles\libs\glfw\deps\tinycthread.c">
      <Filter>Source Files</Filter>
    </ClCompile>
  </ItemGroup>
  <ItemGroup>
    <ClInclude Include="C:\GitHub\Verlet-Particles\libs\glfw\deps\tinycthread.h">
      <Filter>Header Files</Filter>
    </ClInclude>
    <ClInclude Include="C:\GitHub\Verlet-Particles\libs\glfw\deps\glad\gl.h">
      <Filter>Header Files</Filter>
    </ClInclude>
  </ItemGroup>
  <ItemGroup>
    <CustomBuild Include="C:\GitHub\Verlet-Particles\libs\glfw\tests\CMakeLists.txt" />
  </ItemGroup>
  <ItemGroup>
    <Filter Include="Header Files">
      <UniqueIdentifier>{B16CA4BC-9A12-34A7-9D16-8DB5E0AA77D6}</UniqueIdentifier>
    </Filter>
    <Filter Include="Source Files">
      <UniqueIdentifier>{DCC63D32-90F0-3BC5-A3D7-6129D42B1E08}</UniqueIdentifier>
    </Filter>
  </ItemGroup>
</Project>
