<?xml version="1.0" encoding="utf-8"?>
<Project ToolsVersion="17.0" xmlns="http://schemas.microsoft.com/developer/msbuild/2003">
  <ItemGroup>
    <CustomBuild Include="C:\GitHub\Verlet-Particles\libs\glfw\CMakeFiles\ac6a8b6a345818097fc6bf306ca60eb9\INSTALL_force.rule">
      <Filter>CMake Rules</Filter>
    </CustomBuild>
  </ItemGroup>
  <ItemGroup>
    <Filter Include="CMake Rules">
      <UniqueIdentifier>{F7469F37-8D0D-3C46-80F5-145E25BDD5FC}</UniqueIdentifier>
    </Filter>
  </ItemGroup>
</Project>
